
Microsoft Visual Studio Solution File, Format Version 12.00
# Visual Studio Version 16
VisualStudioVersion = 16.0.31702.278
MinimumVisualStudioVersion = 10.0.40219.1
Project("{FAE04EC0-301F-11D3-BF4B-00C04F79EFBC}") = "NewFigures", "NewFigures.csproj", "{EE86F6E8-1E90-45CD-814B-17F5D6817B72}"
EndProject
Global
	GlobalSection(SolutionConfigurationPlatforms) = preSolution
		Debug|Any CPU = Debug|Any CPU
		Release|Any CPU = Release|Any CPU
	EndGlobalSection
	GlobalSection(ProjectConfigurationPlatforms) = postSolution
		{EE86F6E8-1E90-45CD-814B-17F5D6817B72}.Debug|Any CPU.ActiveCfg = Debug|Any CPU
		{EE86F6E8-1E90-45CD-814B-17F5D6817B72}.Debug|Any CPU.Build.0 = Debug|Any CPU
		{EE86F6E8-1E90-45CD-814B-17F5D6817B72}.Release|Any CPU.ActiveCfg = Release|Any CPU
		{EE86F6E8-1E90-45CD-814B-17F5D6817B72}.Release|Any CPU.Build.0 = Release|Any CPU
	EndGlobalSection
	GlobalSection(SolutionProperties) = preSolution
		HideSolutionNode = FALSE
	EndGlobalSection
	GlobalSection(ExtensibilityGlobals) = postSolution
		SolutionGuid = {E33BC86C-F653-4637-946F-5E437B4F6FBB}
	EndGlobalSection
EndGlobal
